
Microsoft Visual Studio Solution File, Format Version 12.00
# Visual Studio Version 16
VisualStudioVersion = 16.0.30114.105
MinimumVisualStudioVersion = 10.0.40219.1
Project("{FAE04EC0-301F-11D3-BF4B-00C04F79EFBC}") = "BASIC", "BASIC\BASIC.csproj", "{E2BDD095-E6C7-452E-A1E7-7F5037458423}"
EndProject
Project("{FAE04EC0-301F-11D3-BF4B-00C04F79EFBC}") = "ADVANCED", "ADVANCED\ADVANCED.csproj", "{80897488-7C38-4B20-88C0-1752D8061460}"
EndProject
Project("{FAE04EC0-301F-11D3-BF4B-00C04F79EFBC}") = "LATEAST", "LATEAST\LATEAST.csproj", "{6A89742E-888C-4DCC-B437-5F32ED10D564}"
EndProject
Global
	GlobalSection(SolutionProperties) = preSolution
		HideSolutionNode = FALSE
	EndGlobalSection
	GlobalSection(SolutionConfigurationPlatforms) = preSolution
		Debug|Any CPU = Debug|Any CPU
		Debug|x64 = Debug|x64
		Debug|x86 = Debug|x86
		Release|Any CPU = Release|Any CPU
		Release|x64 = Release|x64
		Release|x86 = Release|x86
	EndGlobalSection
	GlobalSection(ProjectConfigurationPlatforms) = postSolution
		{E2BDD095-E6C7-452E-A1E7-7F5037458423}.Debug|Any CPU.ActiveCfg = Debug|Any CPU
		{E2BDD095-E6C7-452E-A1E7-7F5037458423}.Debug|Any CPU.Build.0 = Debug|Any CPU
		{E2BDD095-E6C7-452E-A1E7-7F5037458423}.Debug|x64.ActiveCfg = Debug|Any CPU
		{E2BDD095-E6C7-452E-A1E7-7F5037458423}.Debug|x64.Build.0 = Debug|Any CPU
		{E2BDD095-E6C7-452E-A1E7-7F5037458423}.Debug|x86.ActiveCfg = Debug|Any CPU
		{E2BDD095-E6C7-452E-A1E7-7F5037458423}.Debug|x86.Build.0 = Debug|Any CPU
		{E2BDD095-E6C7-452E-A1E7-7F5037458423}.Release|Any CPU.ActiveCfg = Release|Any CPU
		{E2BDD095-E6C7-452E-A1E7-7F5037458423}.Release|Any CPU.Build.0 = Release|Any CPU
		{E2BDD095-E6C7-452E-A1E7-7F5037458423}.Release|x64.ActiveCfg = Release|Any CPU
		{E2BDD095-E6C7-452E-A1E7-7F5037458423}.Release|x64.Build.0 = Release|Any CPU
		{E2BDD095-E6C7-452E-A1E7-7F5037458423}.Release|x86.ActiveCfg = Release|Any CPU
		{E2BDD095-E6C7-452E-A1E7-7F5037458423}.Release|x86.Build.0 = Release|Any CPU
		{80897488-7C38-4B20-88C0-1752D8061460}.Debug|Any CPU.ActiveCfg = Debug|Any CPU
		{80897488-7C38-4B20-88C0-1752D8061460}.Debug|Any CPU.Build.0 = Debug|Any CPU
		{80897488-7C38-4B20-88C0-1752D8061460}.Debug|x64.ActiveCfg = Debug|Any CPU
		{80897488-7C38-4B20-88C0-1752D8061460}.Debug|x64.Build.0 = Debug|Any CPU
		{80897488-7C38-4B20-88C0-1752D8061460}.Debug|x86.ActiveCfg = Debug|Any CPU
		{80897488-7C38-4B20-88C0-1752D8061460}.Debug|x86.Build.0 = Debug|Any CPU
		{80897488-7C38-4B20-88C0-1752D8061460}.Release|Any CPU.ActiveCfg = Release|Any CPU
		{80897488-7C38-4B20-88C0-1752D8061460}.Release|Any CPU.Build.0 = Release|Any CPU
		{80897488-7C38-4B20-88C0-1752D8061460}.Release|x64.ActiveCfg = Release|Any CPU
		{80897488-7C38-4B20-88C0-1752D8061460}.Release|x64.Build.0 = Release|Any CPU
		{80897488-7C38-4B20-88C0-1752D8061460}.Release|x86.ActiveCfg = Release|Any CPU
		{80897488-7C38-4B20-88C0-1752D8061460}.Release|x86.Build.0 = Release|Any CPU
		{6A89742E-888C-4DCC-B437-5F32ED10D564}.Debug|Any CPU.ActiveCfg = Debug|Any CPU
		{6A89742E-888C-4DCC-B437-5F32ED10D564}.Debug|Any CPU.Build.0 = Debug|Any CPU
		{6A89742E-888C-4DCC-B437-5F32ED10D564}.Debug|x64.ActiveCfg = Debug|Any CPU
		{6A89742E-888C-4DCC-B437-5F32ED10D564}.Debug|x64.Build.0 = Debug|Any CPU
		{6A89742E-888C-4DCC-B437-5F32ED10D564}.Debug|x86.ActiveCfg = Debug|Any CPU
		{6A89742E-888C-4DCC-B437-5F32ED10D564}.Debug|x86.Build.0 = Debug|Any CPU
		{6A89742E-888C-4DCC-B437-5F32ED10D564}.Release|Any CPU.ActiveCfg = Release|Any CPU
		{6A89742E-888C-4DCC-B437-5F32ED10D564}.Release|Any CPU.Build.0 = Release|Any CPU
		{6A89742E-888C-4DCC-B437-5F32ED10D564}.Release|x64.ActiveCfg = Release|Any CPU
		{6A89742E-888C-4DCC-B437-5F32ED10D564}.Release|x64.Build.0 = Release|Any CPU
		{6A89742E-888C-4DCC-B437-5F32ED10D564}.Release|x86.ActiveCfg = Release|Any CPU
		{6A89742E-888C-4DCC-B437-5F32ED10D564}.Release|x86.Build.0 = Release|Any CPU
	EndGlobalSection
EndGlobal
